// !$*UTF8*$!
{
	archiveVersion = 1;
	classes = {
	};
	objectVersion = 46;
	objects = {

/* Begin PBXBuildFile section */
		0B9503FA0923CC450CDA9207 /* libPods.a in Frameworks */ = {isa = PBXBuildFile; fileRef = F15C6503BFBA94B665546CE9 /* libPods.a */; };
		2D15DA671C229EC6009E00E8 /* Filter.m in Sources */ = {isa = PBXBuildFile; fileRef = 2D15DA641C229EC6009E00E8 /* Filter.m */; settings = {ASSET_TAGS = (); }; };
		2D15DA681C229EC6009E00E8 /* PulseDetector.mm in Sources */ = {isa = PBXBuildFile; fileRef = 2D15DA661C229EC6009E00E8 /* PulseDetector.mm */; settings = {ASSET_TAGS = (); }; };
		2D15DA6B1C229EF3009E00E8 /* Black1_heart.png in Resources */ = {isa = PBXBuildFile; fileRef = 2D15DA691C229EF3009E00E8 /* Black1_heart.png */; settings = {ASSET_TAGS = (); }; };
		2D15DA6C1C229EF3009E00E8 /* Red_heart.png in Resources */ = {isa = PBXBuildFile; fileRef = 2D15DA6A1C229EF3009E00E8 /* Red_heart.png */; settings = {ASSET_TAGS = (); }; };
		2D15DA701C22BE9B009E00E8 /* TestViewController.m in Sources */ = {isa = PBXBuildFile; fileRef = 2D15DA6E1C22BE9B009E00E8 /* TestViewController.m */; settings = {ASSET_TAGS = (); }; };
		2D15DA711C22BE9B009E00E8 /* TestViewController.xib in Resources */ = {isa = PBXBuildFile; fileRef = 2D15DA6F1C22BE9B009E00E8 /* TestViewController.xib */; settings = {ASSET_TAGS = (); }; };
		2D15DA7A1C22CE57009E00E8 /* UserFB+CoreDataProperties.m in Sources */ = {isa = PBXBuildFile; fileRef = 2D15DA731C22CE57009E00E8 /* UserFB+CoreDataProperties.m */; settings = {ASSET_TAGS = (); }; };
		2D15DA7B1C22CE57009E00E8 /* UserFB.m in Sources */ = {isa = PBXBuildFile; fileRef = 2D15DA751C22CE57009E00E8 /* UserFB.m */; settings = {ASSET_TAGS = (); }; };
		2D15DA7C1C22CE57009E00E8 /* HeartRate+CoreDataProperties.m in Sources */ = {isa = PBXBuildFile; fileRef = 2D15DA771C22CE57009E00E8 /* HeartRate+CoreDataProperties.m */; settings = {ASSET_TAGS = (); }; };
		2D15DA7D1C22CE57009E00E8 /* HeartRate.m in Sources */ = {isa = PBXBuildFile; fileRef = 2D15DA791C22CE57009E00E8 /* HeartRate.m */; settings = {ASSET_TAGS = (); }; };
		2D539A9D1C06AA77000F472F /* PedoHomeViewController.m in Sources */ = {isa = PBXBuildFile; fileRef = 2D539A9B1C06AA77000F472F /* PedoHomeViewController.m */; settings = {ASSET_TAGS = (); }; };
		2D539A9E1C06AA77000F472F /* PedoHomeViewController.xib in Resources */ = {isa = PBXBuildFile; fileRef = 2D539A9C1C06AA77000F472F /* PedoHomeViewController.xib */; settings = {ASSET_TAGS = (); }; };
		2D539AA51C06ACD8000F472F /* PedoAttributes.xcdatamodeld in Sources */ = {isa = PBXBuildFile; fileRef = 2D539AA31C06ACD8000F472F /* PedoAttributes.xcdatamodeld */; settings = {ASSET_TAGS = (); }; };
		2D539AAE1C06AD81000F472F /* Locations+CoreDataProperties.m in Sources */ = {isa = PBXBuildFile; fileRef = 2D539AA71C06AD81000F472F /* Locations+CoreDataProperties.m */; settings = {ASSET_TAGS = (); }; };
		2D539AAF1C06AD81000F472F /* Locations.m in Sources */ = {isa = PBXBuildFile; fileRef = 2D539AA91C06AD81000F472F /* Locations.m */; settings = {ASSET_TAGS = (); }; };
		2D539AB01C06AD81000F472F /* Run+CoreDataProperties.m in Sources */ = {isa = PBXBuildFile; fileRef = 2D539AAB1C06AD81000F472F /* Run+CoreDataProperties.m */; settings = {ASSET_TAGS = (); }; };
		2D539AB11C06AD81000F472F /* Run.m in Sources */ = {isa = PBXBuildFile; fileRef = 2D539AAD1C06AD81000F472F /* Run.m */; settings = {ASSET_TAGS = (); }; };
		2D539AB61C06BA81000F472F /* MathCalculation.m in Sources */ = {isa = PBXBuildFile; fileRef = 2D539AB51C06BA81000F472F /* MathCalculation.m */; settings = {ASSET_TAGS = (); }; };
		2D539AB91C06C055000F472F /* MulticolorPolylineRoute.m in Sources */ = {isa = PBXBuildFile; fileRef = 2D539AB81C06C055000F472F /* MulticolorPolylineRoute.m */; settings = {ASSET_TAGS = (); }; };
		2D539ABC1C07114D000F472F /* PedometerCoreData.xcdatamodeld in Sources */ = {isa = PBXBuildFile; fileRef = 2D539ABA1C07114D000F472F /* PedometerCoreData.xcdatamodeld */; settings = {ASSET_TAGS = (); }; };
		2DAEE6221C16CB9400D863F6 /* HeartCameraScreen.m in Sources */ = {isa = PBXBuildFile; fileRef = 2DAEE6201C16CB9400D863F6 /* HeartCameraScreen.m */; settings = {ASSET_TAGS = (); }; };
		2DAEE6231C16CB9400D863F6 /* HeartCameraScreen.xib in Resources */ = {isa = PBXBuildFile; fileRef = 2DAEE6211C16CB9400D863F6 /* HeartCameraScreen.xib */; settings = {ASSET_TAGS = (); }; };
		2DFDA1821BF07438006D938B /* main.m in Sources */ = {isa = PBXBuildFile; fileRef = 2DFDA1811BF07438006D938B /* main.m */; };
		2DFDA1851BF07438006D938B /* AppDelegate.m in Sources */ = {isa = PBXBuildFile; fileRef = 2DFDA1841BF07438006D938B /* AppDelegate.m */; };
		2DFDA18D1BF07438006D938B /* Assets.xcassets in Resources */ = {isa = PBXBuildFile; fileRef = 2DFDA18C1BF07438006D938B /* Assets.xcassets */; };
		2DFDA1901BF07438006D938B /* LaunchScreen.storyboard in Resources */ = {isa = PBXBuildFile; fileRef = 2DFDA18E1BF07438006D938B /* LaunchScreen.storyboard */; };
		2DFDA19B1BF07439006D938B /* AbsentTests.m in Sources */ = {isa = PBXBuildFile; fileRef = 2DFDA19A1BF07439006D938B /* AbsentTests.m */; };
		2DFDA1A61BF07439006D938B /* AbsentUITests.m in Sources */ = {isa = PBXBuildFile; fileRef = 2DFDA1A51BF07439006D938B /* AbsentUITests.m */; };
		2DFDA1C01BF1D5E7006D938B /* LoginVC.m in Sources */ = {isa = PBXBuildFile; fileRef = 2DFDA1BE1BF1D5E7006D938B /* LoginVC.m */; settings = {ASSET_TAGS = (); }; };
		2DFDA1C11BF1D5E7006D938B /* LoginVC.xib in Resources */ = {isa = PBXBuildFile; fileRef = 2DFDA1BF1BF1D5E7006D938B /* LoginVC.xib */; settings = {ASSET_TAGS = (); }; };
		2DFDA1C41BF1D61A006D938B /* facebook.png in Resources */ = {isa = PBXBuildFile; fileRef = 2DFDA1C21BF1D61A006D938B /* facebook.png */; settings = {ASSET_TAGS = (); }; };
		2DFDA1C51BF1D61A006D938B /* gmail.png in Resources */ = {isa = PBXBuildFile; fileRef = 2DFDA1C31BF1D61A006D938B /* gmail.png */; settings = {ASSET_TAGS = (); }; };
		2DFDA1CC1BF1E807006D938B /* MainNavC.m in Sources */ = {isa = PBXBuildFile; fileRef = 2DFDA1CA1BF1E807006D938B /* MainNavC.m */; settings = {ASSET_TAGS = (); }; };
		2DFDA1CD1BF1E807006D938B /* MainNavC.xib in Resources */ = {isa = PBXBuildFile; fileRef = 2DFDA1CB1BF1E807006D938B /* MainNavC.xib */; settings = {ASSET_TAGS = (); }; };
		2DFDA1CF1BF1ECE9006D938B /* connected.png in Resources */ = {isa = PBXBuildFile; fileRef = 2DFDA1CE1BF1ECE9006D938B /* connected.png */; settings = {ASSET_TAGS = (); }; };
		2DFDA1D11BF1ECF3006D938B /* no_wifi.png in Resources */ = {isa = PBXBuildFile; fileRef = 2DFDA1D01BF1ECF3006D938B /* no_wifi.png */; settings = {ASSET_TAGS = (); }; };
		2DFDA1D81BF1F2B2006D938B /* back.png in Resources */ = {isa = PBXBuildFile; fileRef = 2DFDA1D61BF1F2B2006D938B /* back.png */; settings = {ASSET_TAGS = (); }; };
		2DFDA1D91BF1F2B2006D938B /* logout.png in Resources */ = {isa = PBXBuildFile; fileRef = 2DFDA1D71BF1F2B2006D938B /* logout.png */; settings = {ASSET_TAGS = (); }; };
/* End PBXBuildFile section */

/* Begin PBXContainerItemProxy section */
		2DFDA1971BF07439006D938B /* PBXContainerItemProxy */ = {
			isa = PBXContainerItemProxy;
			containerPortal = 2DFDA1751BF07438006D938B /* Project object */;
			proxyType = 1;
			remoteGlobalIDString = 2DFDA17C1BF07438006D938B;
			remoteInfo = Absent;
		};
		2DFDA1A21BF07439006D938B /* PBXContainerItemProxy */ = {
			isa = PBXContainerItemProxy;
			containerPortal = 2DFDA1751BF07438006D938B /* Project object */;
			proxyType = 1;
			remoteGlobalIDString = 2DFDA17C1BF07438006D938B;
			remoteInfo = Absent;
		};
/* End PBXContainerItemProxy section */

/* Begin PBXFileReference section */
		2D15DA631C229EC6009E00E8 /* Filter.h */ = {isa = PBXFileReference; fileEncoding = 4; lastKnownFileType = sourcecode.c.h; path = Filter.h; sourceTree = "<group>"; };
		2D15DA641C229EC6009E00E8 /* Filter.m */ = {isa = PBXFileReference; fileEncoding = 4; lastKnownFileType = sourcecode.c.objc; path = Filter.m; sourceTree = "<group>"; };
		2D15DA651C229EC6009E00E8 /* PulseDetector.h */ = {isa = PBXFileReference; fileEncoding = 4; lastKnownFileType = sourcecode.c.h; path = PulseDetector.h; sourceTree = "<group>"; };
		2D15DA661C229EC6009E00E8 /* PulseDetector.mm */ = {isa = PBXFileReference; fileEncoding = 4; lastKnownFileType = sourcecode.cpp.objcpp; path = PulseDetector.mm; sourceTree = "<group>"; };
		2D15DA691C229EF3009E00E8 /* Black1_heart.png */ = {isa = PBXFileReference; lastKnownFileType = image.png; path = Black1_heart.png; sourceTree = "<group>"; };
		2D15DA6A1C229EF3009E00E8 /* Red_heart.png */ = {isa = PBXFileReference; lastKnownFileType = image.png; path = Red_heart.png; sourceTree = "<group>"; };
		2D15DA6D1C22BE9B009E00E8 /* TestViewController.h */ = {isa = PBXFileReference; fileEncoding = 4; lastKnownFileType = sourcecode.c.h; path = TestViewController.h; sourceTree = "<group>"; };
		2D15DA6E1C22BE9B009E00E8 /* TestViewController.m */ = {isa = PBXFileReference; fileEncoding = 4; lastKnownFileType = sourcecode.c.objc; path = TestViewController.m; sourceTree = "<group>"; };
		2D15DA6F1C22BE9B009E00E8 /* TestViewController.xib */ = {isa = PBXFileReference; fileEncoding = 4; lastKnownFileType = file.xib; path = TestViewController.xib; sourceTree = "<group>"; };
		2D15DA721C22CE57009E00E8 /* UserFB+CoreDataProperties.h */ = {isa = PBXFileReference; fileEncoding = 4; lastKnownFileType = sourcecode.c.h; path = "UserFB+CoreDataProperties.h"; sourceTree = "<group>"; };
		2D15DA731C22CE57009E00E8 /* UserFB+CoreDataProperties.m */ = {isa = PBXFileReference; fileEncoding = 4; lastKnownFileType = sourcecode.c.objc; path = "UserFB+CoreDataProperties.m"; sourceTree = "<group>"; };
		2D15DA741C22CE57009E00E8 /* UserFB.h */ = {isa = PBXFileReference; fileEncoding = 4; lastKnownFileType = sourcecode.c.h; path = UserFB.h; sourceTree = "<group>"; };
		2D15DA751C22CE57009E00E8 /* UserFB.m */ = {isa = PBXFileReference; fileEncoding = 4; lastKnownFileType = sourcecode.c.objc; path = UserFB.m; sourceTree = "<group>"; };
		2D15DA761C22CE57009E00E8 /* HeartRate+CoreDataProperties.h */ = {isa = PBXFileReference; fileEncoding = 4; lastKnownFileType = sourcecode.c.h; path = "HeartRate+CoreDataProperties.h"; sourceTree = "<group>"; };
		2D15DA771C22CE57009E00E8 /* HeartRate+CoreDataProperties.m */ = {isa = PBXFileReference; fileEncoding = 4; lastKnownFileType = sourcecode.c.objc; path = "HeartRate+CoreDataProperties.m"; sourceTree = "<group>"; };
		2D15DA781C22CE57009E00E8 /* HeartRate.h */ = {isa = PBXFileReference; fileEncoding = 4; lastKnownFileType = sourcecode.c.h; path = HeartRate.h; sourceTree = "<group>"; };
		2D15DA791C22CE57009E00E8 /* HeartRate.m */ = {isa = PBXFileReference; fileEncoding = 4; lastKnownFileType = sourcecode.c.objc; path = HeartRate.m; sourceTree = "<group>"; };
		2D539A9A1C06AA77000F472F /* PedoHomeViewController.h */ = {isa = PBXFileReference; fileEncoding = 4; lastKnownFileType = sourcecode.c.h; path = PedoHomeViewController.h; sourceTree = "<group>"; };
		2D539A9B1C06AA77000F472F /* PedoHomeViewController.m */ = {isa = PBXFileReference; fileEncoding = 4; lastKnownFileType = sourcecode.c.objc; path = PedoHomeViewController.m; sourceTree = "<group>"; };
		2D539A9C1C06AA77000F472F /* PedoHomeViewController.xib */ = {isa = PBXFileReference; fileEncoding = 4; lastKnownFileType = file.xib; path = PedoHomeViewController.xib; sourceTree = "<group>"; };
		2D539AA41C06ACD8000F472F /* PedoAttributes.xcdatamodel */ = {isa = PBXFileReference; lastKnownFileType = wrapper.xcdatamodel; path = PedoAttributes.xcdatamodel; sourceTree = "<group>"; };
		2D539AA61C06AD81000F472F /* Locations+CoreDataProperties.h */ = {isa = PBXFileReference; fileEncoding = 4; lastKnownFileType = sourcecode.c.h; path = "Locations+CoreDataProperties.h"; sourceTree = "<group>"; };
		2D539AA71C06AD81000F472F /* Locations+CoreDataProperties.m */ = {isa = PBXFileReference; fileEncoding = 4; lastKnownFileType = sourcecode.c.objc; path = "Locations+CoreDataProperties.m"; sourceTree = "<group>"; };
		2D539AA81C06AD81000F472F /* Locations.h */ = {isa = PBXFileReference; fileEncoding = 4; lastKnownFileType = sourcecode.c.h; path = Locations.h; sourceTree = "<group>"; };
		2D539AA91C06AD81000F472F /* Locations.m */ = {isa = PBXFileReference; fileEncoding = 4; lastKnownFileType = sourcecode.c.objc; path = Locations.m; sourceTree = "<group>"; };
		2D539AAA1C06AD81000F472F /* Run+CoreDataProperties.h */ = {isa = PBXFileReference; fileEncoding = 4; lastKnownFileType = sourcecode.c.h; path = "Run+CoreDataProperties.h"; sourceTree = "<group>"; };
		2D539AAB1C06AD81000F472F /* Run+CoreDataProperties.m */ = {isa = PBXFileReference; fileEncoding = 4; lastKnownFileType = sourcecode.c.objc; path = "Run+CoreDataProperties.m"; sourceTree = "<group>"; };
		2D539AAC1C06AD81000F472F /* Run.h */ = {isa = PBXFileReference; fileEncoding = 4; lastKnownFileType = sourcecode.c.h; path = Run.h; sourceTree = "<group>"; };
		2D539AAD1C06AD81000F472F /* Run.m */ = {isa = PBXFileReference; fileEncoding = 4; lastKnownFileType = sourcecode.c.objc; path = Run.m; sourceTree = "<group>"; };
		2D539AB41C06BA81000F472F /* MathCalculation.h */ = {isa = PBXFileReference; fileEncoding = 4; lastKnownFileType = sourcecode.c.h; path = MathCalculation.h; sourceTree = "<group>"; };
		2D539AB51C06BA81000F472F /* MathCalculation.m */ = {isa = PBXFileReference; fileEncoding = 4; lastKnownFileType = sourcecode.c.objc; path = MathCalculation.m; sourceTree = "<group>"; };
		2D539AB71C06C055000F472F /* MulticolorPolylineRoute.h */ = {isa = PBXFileReference; fileEncoding = 4; lastKnownFileType = sourcecode.c.h; path = MulticolorPolylineRoute.h; sourceTree = "<group>"; };
		2D539AB81C06C055000F472F /* MulticolorPolylineRoute.m */ = {isa = PBXFileReference; fileEncoding = 4; lastKnownFileType = sourcecode.c.objc; path = MulticolorPolylineRoute.m; sourceTree = "<group>"; };
		2D539ABB1C07114D000F472F /* PedometerCoreData.xcdatamodel */ = {isa = PBXFileReference; lastKnownFileType = wrapper.xcdatamodel; path = PedometerCoreData.xcdatamodel; sourceTree = "<group>"; };
		2DAEE61F1C16CB9400D863F6 /* HeartCameraScreen.h */ = {isa = PBXFileReference; fileEncoding = 4; lastKnownFileType = sourcecode.c.h; path = HeartCameraScreen.h; sourceTree = "<group>"; };
		2DAEE6201C16CB9400D863F6 /* HeartCameraScreen.m */ = {isa = PBXFileReference; fileEncoding = 4; lastKnownFileType = sourcecode.c.objc; path = HeartCameraScreen.m; sourceTree = "<group>"; };
		2DAEE6211C16CB9400D863F6 /* HeartCameraScreen.xib */ = {isa = PBXFileReference; fileEncoding = 4; lastKnownFileType = file.xib; path = HeartCameraScreen.xib; sourceTree = "<group>"; };
		2DFDA17D1BF07438006D938B /* Absent.app */ = {isa = PBXFileReference; explicitFileType = wrapper.application; includeInIndex = 0; path = Absent.app; sourceTree = BUILT_PRODUCTS_DIR; };
		2DFDA1811BF07438006D938B /* main.m */ = {isa = PBXFileReference; lastKnownFileType = sourcecode.c.objc; path = main.m; sourceTree = "<group>"; };
		2DFDA1831BF07438006D938B /* AppDelegate.h */ = {isa = PBXFileReference; lastKnownFileType = sourcecode.c.h; path = AppDelegate.h; sourceTree = "<group>"; };
		2DFDA1841BF07438006D938B /* AppDelegate.m */ = {isa = PBXFileReference; lastKnownFileType = sourcecode.c.objc; path = AppDelegate.m; sourceTree = "<group>"; };
		2DFDA18C1BF07438006D938B /* Assets.xcassets */ = {isa = PBXFileReference; lastKnownFileType = folder.assetcatalog; path = Assets.xcassets; sourceTree = "<group>"; };
		2DFDA18F1BF07438006D938B /* Base */ = {isa = PBXFileReference; lastKnownFileType = file.storyboard; name = Base; path = Base.lproj/LaunchScreen.storyboard; sourceTree = "<group>"; };
		2DFDA1911BF07438006D938B /* Info.plist */ = {isa = PBXFileReference; lastKnownFileType = text.plist.xml; path = Info.plist; sourceTree = "<group>"; };
		2DFDA1961BF07439006D938B /* AbsentTests.xctest */ = {isa = PBXFileReference; explicitFileType = wrapper.cfbundle; includeInIndex = 0; path = AbsentTests.xctest; sourceTree = BUILT_PRODUCTS_DIR; };
		2DFDA19A1BF07439006D938B /* AbsentTests.m */ = {isa = PBXFileReference; lastKnownFileType = sourcecode.c.objc; path = AbsentTests.m; sourceTree = "<group>"; };
		2DFDA19C1BF07439006D938B /* Info.plist */ = {isa = PBXFileReference; lastKnownFileType = text.plist.xml; path = Info.plist; sourceTree = "<group>"; };
		2DFDA1A11BF07439006D938B /* AbsentUITests.xctest */ = {isa = PBXFileReference; explicitFileType = wrapper.cfbundle; includeInIndex = 0; path = AbsentUITests.xctest; sourceTree = BUILT_PRODUCTS_DIR; };
		2DFDA1A51BF07439006D938B /* AbsentUITests.m */ = {isa = PBXFileReference; lastKnownFileType = sourcecode.c.objc; path = AbsentUITests.m; sourceTree = "<group>"; };
		2DFDA1A71BF07439006D938B /* Info.plist */ = {isa = PBXFileReference; lastKnownFileType = text.plist.xml; path = Info.plist; sourceTree = "<group>"; };
		2DFDA1BD1BF1D5E7006D938B /* LoginVC.h */ = {isa = PBXFileReference; fileEncoding = 4; lastKnownFileType = sourcecode.c.h; path = LoginVC.h; sourceTree = "<group>"; };
		2DFDA1BE1BF1D5E7006D938B /* LoginVC.m */ = {isa = PBXFileReference; fileEncoding = 4; lastKnownFileType = sourcecode.c.objc; path = LoginVC.m; sourceTree = "<group>"; };
		2DFDA1BF1BF1D5E7006D938B /* LoginVC.xib */ = {isa = PBXFileReference; fileEncoding = 4; lastKnownFileType = file.xib; path = LoginVC.xib; sourceTree = "<group>"; };
		2DFDA1C21BF1D61A006D938B /* facebook.png */ = {isa = PBXFileReference; lastKnownFileType = image.png; path = facebook.png; sourceTree = "<group>"; };
		2DFDA1C31BF1D61A006D938B /* gmail.png */ = {isa = PBXFileReference; lastKnownFileType = image.png; path = gmail.png; sourceTree = "<group>"; };
		2DFDA1C91BF1E807006D938B /* MainNavC.h */ = {isa = PBXFileReference; fileEncoding = 4; lastKnownFileType = sourcecode.c.h; path = MainNavC.h; sourceTree = "<group>"; };
		2DFDA1CA1BF1E807006D938B /* MainNavC.m */ = {isa = PBXFileReference; fileEncoding = 4; lastKnownFileType = sourcecode.c.objc; path = MainNavC.m; sourceTree = "<group>"; };
		2DFDA1CB1BF1E807006D938B /* MainNavC.xib */ = {isa = PBXFileReference; fileEncoding = 4; lastKnownFileType = file.xib; path = MainNavC.xib; sourceTree = "<group>"; };
		2DFDA1CE1BF1ECE9006D938B /* connected.png */ = {isa = PBXFileReference; lastKnownFileType = image.png; path = connected.png; sourceTree = "<group>"; };
		2DFDA1D01BF1ECF3006D938B /* no_wifi.png */ = {isa = PBXFileReference; lastKnownFileType = image.png; path = no_wifi.png; sourceTree = "<group>"; };
		2DFDA1D61BF1F2B2006D938B /* back.png */ = {isa = PBXFileReference; lastKnownFileType = image.png; path = back.png; sourceTree = "<group>"; };
		2DFDA1D71BF1F2B2006D938B /* logout.png */ = {isa = PBXFileReference; lastKnownFileType = image.png; path = logout.png; sourceTree = "<group>"; };
		A08490970DB1E42314833BF3 /* Pods.debug.xcconfig */ = {isa = PBXFileReference; includeInIndex = 1; lastKnownFileType = text.xcconfig; name = Pods.debug.xcconfig; path = "Pods/Target Support Files/Pods/Pods.debug.xcconfig"; sourceTree = "<group>"; };
		D9E9A0A623A02B6171CBB70F /* Pods.release.xcconfig */ = {isa = PBXFileReference; includeInIndex = 1; lastKnownFileType = text.xcconfig; name = Pods.release.xcconfig; path = "Pods/Target Support Files/Pods/Pods.release.xcconfig"; sourceTree = "<group>"; };
		F15C6503BFBA94B665546CE9 /* libPods.a */ = {isa = PBXFileReference; explicitFileType = archive.ar; includeInIndex = 0; path = libPods.a; sourceTree = BUILT_PRODUCTS_DIR; };
/* End PBXFileReference section */

/* Begin PBXFrameworksBuildPhase section */
		2DFDA17A1BF07438006D938B /* Frameworks */ = {
			isa = PBXFrameworksBuildPhase;
			buildActionMask = 2147483647;
			files = (
				0B9503FA0923CC450CDA9207 /* libPods.a in Frameworks */,
			);
			runOnlyForDeploymentPostprocessing = 0;
		};
		2DFDA1931BF07439006D938B /* Frameworks */ = {
			isa = PBXFrameworksBuildPhase;
			buildActionMask = 2147483647;
			files = (
			);
			runOnlyForDeploymentPostprocessing = 0;
		};
		2DFDA19E1BF07439006D938B /* Frameworks */ = {
			isa = PBXFrameworksBuildPhase;
			buildActionMask = 2147483647;
			files = (
			);
			runOnlyForDeploymentPostprocessing = 0;
		};
/* End PBXFrameworksBuildPhase section */

/* Begin PBXGroup section */
		2D539A9F1C06AA94000F472F /* Pedometer */ = {
			isa = PBXGroup;
			children = (
				2D539AB31C06BA49000F472F /* Calculation */,
				2D539A9A1C06AA77000F472F /* PedoHomeViewController.h */,
				2D539A9B1C06AA77000F472F /* PedoHomeViewController.m */,
				2D539A9C1C06AA77000F472F /* PedoHomeViewController.xib */,
			);
			name = Pedometer;
			sourceTree = "<group>";
		};
		2D539AA01C06AAA7000F472F /* HeartRate */ = {
			isa = PBXGroup;
			children = (
				2D15DA631C229EC6009E00E8 /* Filter.h */,
				2D15DA641C229EC6009E00E8 /* Filter.m */,
				2D15DA651C229EC6009E00E8 /* PulseDetector.h */,
				2D15DA661C229EC6009E00E8 /* PulseDetector.mm */,
				2DAEE61F1C16CB9400D863F6 /* HeartCameraScreen.h */,
				2DAEE6201C16CB9400D863F6 /* HeartCameraScreen.m */,
				2DAEE6211C16CB9400D863F6 /* HeartCameraScreen.xib */,
				2D15DA6D1C22BE9B009E00E8 /* TestViewController.h */,
				2D15DA6E1C22BE9B009E00E8 /* TestViewController.m */,
				2D15DA6F1C22BE9B009E00E8 /* TestViewController.xib */,
			);
			name = HeartRate;
			sourceTree = "<group>";
		};
		2D539AA11C06AAB6000F472F /* MyHistory */ = {
			isa = PBXGroup;
			children = (
			);
			name = MyHistory;
			sourceTree = "<group>";
		};
		2D539AA21C06AC83000F472F /* CoreData */ = {
			isa = PBXGroup;
			children = (
				2D539AB21C06ADC6000F472F /* PedoData */,
			);
			name = CoreData;
			sourceTree = "<group>";
		};
		2D539AB21C06ADC6000F472F /* PedoData */ = {
			isa = PBXGroup;
			children = (
				2D539AA31C06ACD8000F472F /* PedoAttributes.xcdatamodeld */,
				2D539AA61C06AD81000F472F /* Locations+CoreDataProperties.h */,
				2D539AA71C06AD81000F472F /* Locations+CoreDataProperties.m */,
				2D539AA81C06AD81000F472F /* Locations.h */,
				2D539AA91C06AD81000F472F /* Locations.m */,
				2D539AAA1C06AD81000F472F /* Run+CoreDataProperties.h */,
				2D539AAB1C06AD81000F472F /* Run+CoreDataProperties.m */,
				2D539AAC1C06AD81000F472F /* Run.h */,
				2D539AAD1C06AD81000F472F /* Run.m */,
				2D15DA721C22CE57009E00E8 /* UserFB+CoreDataProperties.h */,
				2D15DA731C22CE57009E00E8 /* UserFB+CoreDataProperties.m */,
				2D15DA741C22CE57009E00E8 /* UserFB.h */,
				2D15DA751C22CE57009E00E8 /* UserFB.m */,
				2D15DA761C22CE57009E00E8 /* HeartRate+CoreDataProperties.h */,
				2D15DA771C22CE57009E00E8 /* HeartRate+CoreDataProperties.m */,
				2D15DA781C22CE57009E00E8 /* HeartRate.h */,
				2D15DA791C22CE57009E00E8 /* HeartRate.m */,
				2D539ABA1C07114D000F472F /* PedometerCoreData.xcdatamodeld */,
			);
			name = PedoData;
			sourceTree = "<group>";
		};
		2D539AB31C06BA49000F472F /* Calculation */ = {
			isa = PBXGroup;
			children = (
				2D539AB41C06BA81000F472F /* MathCalculation.h */,
				2D539AB51C06BA81000F472F /* MathCalculation.m */,
				2D539AB71C06C055000F472F /* MulticolorPolylineRoute.h */,
				2D539AB81C06C055000F472F /* MulticolorPolylineRoute.m */,
			);
			name = Calculation;
			sourceTree = "<group>";
		};
		2DFDA1741BF07438006D938B = {
			isa = PBXGroup;
			children = (
				2DFDA17F1BF07438006D938B /* Absent */,
				2DFDA1991BF07439006D938B /* AbsentTests */,
				2DFDA1A41BF07439006D938B /* AbsentUITests */,
				2DFDA17E1BF07438006D938B /* Products */,
				CE455F9B364D77943F2BF95B /* Pods */,
				B847C8DE78DC2DE0FECDEA4D /* Frameworks */,
			);
			sourceTree = "<group>";
		};
		2DFDA17E1BF07438006D938B /* Products */ = {
			isa = PBXGroup;
			children = (
				2DFDA17D1BF07438006D938B /* Absent.app */,
				2DFDA1961BF07439006D938B /* AbsentTests.xctest */,
				2DFDA1A11BF07439006D938B /* AbsentUITests.xctest */,
			);
			name = Products;
			sourceTree = "<group>";
		};
		2DFDA17F1BF07438006D938B /* Absent */ = {
			isa = PBXGroup;
			children = (
				2D539AA21C06AC83000F472F /* CoreData */,
				2D539AA11C06AAB6000F472F /* MyHistory */,
				2D539AA01C06AAA7000F472F /* HeartRate */,
				2D539A9F1C06AA94000F472F /* Pedometer */,
				2DFDA1831BF07438006D938B /* AppDelegate.h */,
				2DFDA1841BF07438006D938B /* AppDelegate.m */,
				2DFDA1BD1BF1D5E7006D938B /* LoginVC.h */,
				2DFDA1BE1BF1D5E7006D938B /* LoginVC.m */,
				2DFDA1BF1BF1D5E7006D938B /* LoginVC.xib */,
				2DFDA1C91BF1E807006D938B /* MainNavC.h */,
				2DFDA1CA1BF1E807006D938B /* MainNavC.m */,
				2DFDA1CB1BF1E807006D938B /* MainNavC.xib */,
				2DFDA1801BF07438006D938B /* Supporting Files */,
			);
			path = Absent;
			sourceTree = "<group>";
		};
		2DFDA1801BF07438006D938B /* Supporting Files */ = {
			isa = PBXGroup;
			children = (
				2DFDA1C81BF1D643006D938B /* OtherResources */,
				2DFDA1C71BF1D636006D938B /* ImgResources */,
			);
			name = "Supporting Files";
			sourceTree = "<group>";
		};
		2DFDA1991BF07439006D938B /* AbsentTests */ = {
			isa = PBXGroup;
			children = (
				2DFDA19A1BF07439006D938B /* AbsentTests.m */,
				2DFDA19C1BF07439006D938B /* Info.plist */,
			);
			path = AbsentTests;
			sourceTree = "<group>";
		};
		2DFDA1A41BF07439006D938B /* AbsentUITests */ = {
			isa = PBXGroup;
			children = (
				2DFDA1A51BF07439006D938B /* AbsentUITests.m */,
				2DFDA1A71BF07439006D938B /* Info.plist */,
			);
			path = AbsentUITests;
			sourceTree = "<group>";
		};
		2DFDA1C71BF1D636006D938B /* ImgResources */ = {
			isa = PBXGroup;
			children = (
				2D15DA691C229EF3009E00E8 /* Black1_heart.png */,
				2D15DA6A1C229EF3009E00E8 /* Red_heart.png */,
				2DFDA1D61BF1F2B2006D938B /* back.png */,
				2DFDA1D71BF1F2B2006D938B /* logout.png */,
				2DFDA1CE1BF1ECE9006D938B /* connected.png */,
				2DFDA1C21BF1D61A006D938B /* facebook.png */,
				2DFDA1D01BF1ECF3006D938B /* no_wifi.png */,
				2DFDA1C31BF1D61A006D938B /* gmail.png */,
			);
			name = ImgResources;
			sourceTree = "<group>";
		};
		2DFDA1C81BF1D643006D938B /* OtherResources */ = {
			isa = PBXGroup;
			children = (
				2DFDA1811BF07438006D938B /* main.m */,
				2DFDA18C1BF07438006D938B /* Assets.xcassets */,
				2DFDA18E1BF07438006D938B /* LaunchScreen.storyboard */,
				2DFDA1911BF07438006D938B /* Info.plist */,
			);
			name = OtherResources;
			sourceTree = "<group>";
		};
		B847C8DE78DC2DE0FECDEA4D /* Frameworks */ = {
			isa = PBXGroup;
			children = (
				F15C6503BFBA94B665546CE9 /* libPods.a */,
			);
			name = Frameworks;
			sourceTree = "<group>";
		};
		CE455F9B364D77943F2BF95B /* Pods */ = {
			isa = PBXGroup;
			children = (
				A08490970DB1E42314833BF3 /* Pods.debug.xcconfig */,
				D9E9A0A623A02B6171CBB70F /* Pods.release.xcconfig */,
			);
			name = Pods;
			sourceTree = "<group>";
		};
/* End PBXGroup section */

/* Begin PBXNativeTarget section */
		2DFDA17C1BF07438006D938B /* Absent */ = {
			isa = PBXNativeTarget;
			buildConfigurationList = 2DFDA1AA1BF07439006D938B /* Build configuration list for PBXNativeTarget "Absent" */;
			buildPhases = (
				29DC08D14BC559AB6C480CD8 /* Check Pods Manifest.lock */,
				2DFDA1791BF07438006D938B /* Sources */,
				2DFDA17A1BF07438006D938B /* Frameworks */,
				2DFDA17B1BF07438006D938B /* Resources */,
				8BF304DB2D16F62D76E9E1E1 /* Copy Pods Resources */,
				67E74C8115684D9A0770C8BE /* Embed Pods Frameworks */,
			);
			buildRules = (
			);
			dependencies = (
			);
			name = Absent;
			productName = Absent;
			productReference = 2DFDA17D1BF07438006D938B /* Absent.app */;
			productType = "com.apple.product-type.application";
		};
		2DFDA1951BF07439006D938B /* AbsentTests */ = {
			isa = PBXNativeTarget;
			buildConfigurationList = 2DFDA1AD1BF07439006D938B /* Build configuration list for PBXNativeTarget "AbsentTests" */;
			buildPhases = (
				2DFDA1921BF07439006D938B /* Sources */,
				2DFDA1931BF07439006D938B /* Frameworks */,
				2DFDA1941BF07439006D938B /* Resources */,
			);
			buildRules = (
			);
			dependencies = (
				2DFDA1981BF07439006D938B /* PBXTargetDependency */,
			);
			name = AbsentTests;
			productName = AbsentTests;
			productReference = 2DFDA1961BF07439006D938B /* AbsentTests.xctest */;
			productType = "com.apple.product-type.bundle.unit-test";
		};
		2DFDA1A01BF07439006D938B /* AbsentUITests */ = {
			isa = PBXNativeTarget;
			buildConfigurationList = 2DFDA1B01BF07439006D938B /* Build configuration list for PBXNativeTarget "AbsentUITests" */;
			buildPhases = (
				2DFDA19D1BF07439006D938B /* Sources */,
				2DFDA19E1BF07439006D938B /* Frameworks */,
				2DFDA19F1BF07439006D938B /* Resources */,
			);
			buildRules = (
			);
			dependencies = (
				2DFDA1A31BF07439006D938B /* PBXTargetDependency */,
			);
			name = AbsentUITests;
			productName = AbsentUITests;
			productReference = 2DFDA1A11BF07439006D938B /* AbsentUITests.xctest */;
			productType = "com.apple.product-type.bundle.ui-testing";
		};
/* End PBXNativeTarget section */

/* Begin PBXProject section */
		2DFDA1751BF07438006D938B /* Project object */ = {
			isa = PBXProject;
			attributes = {
				LastUpgradeCheck = 0700;
				ORGANIZATIONNAME = Gratia;
				TargetAttributes = {
					2DFDA17C1BF07438006D938B = {
						CreatedOnToolsVersion = 7.0;
					};
					2DFDA1951BF07439006D938B = {
						CreatedOnToolsVersion = 7.0;
						TestTargetID = 2DFDA17C1BF07438006D938B;
					};
					2DFDA1A01BF07439006D938B = {
						CreatedOnToolsVersion = 7.0;
						TestTargetID = 2DFDA17C1BF07438006D938B;
					};
				};
			};
			buildConfigurationList = 2DFDA1781BF07438006D938B /* Build configuration list for PBXProject "Absent" */;
			compatibilityVersion = "Xcode 3.2";
			developmentRegion = English;
			hasScannedForEncodings = 0;
			knownRegions = (
				en,
				Base,
			);
			mainGroup = 2DFDA1741BF07438006D938B;
			productRefGroup = 2DFDA17E1BF07438006D938B /* Products */;
			projectDirPath = "";
			projectRoot = "";
			targets = (
				2DFDA17C1BF07438006D938B /* Absent */,
				2DFDA1951BF07439006D938B /* AbsentTests */,
				2DFDA1A01BF07439006D938B /* AbsentUITests */,
			);
		};
/* End PBXProject section */

/* Begin PBXResourcesBuildPhase section */
		2DFDA17B1BF07438006D938B /* Resources */ = {
			isa = PBXResourcesBuildPhase;
			buildActionMask = 2147483647;
			files = (
				2DFDA1CF1BF1ECE9006D938B /* connected.png in Resources */,
				2D15DA711C22BE9B009E00E8 /* TestViewController.xib in Resources */,
				2DFDA1D11BF1ECF3006D938B /* no_wifi.png in Resources */,
				2DFDA1D81BF1F2B2006D938B /* back.png in Resources */,
				2DFDA1901BF07438006D938B /* LaunchScreen.storyboard in Resources */,
				2D15DA6B1C229EF3009E00E8 /* Black1_heart.png in Resources */,
				2D15DA6C1C229EF3009E00E8 /* Red_heart.png in Resources */,
				2DFDA1C51BF1D61A006D938B /* gmail.png in Resources */,
				2DFDA1CD1BF1E807006D938B /* MainNavC.xib in Resources */,
				2DFDA1C41BF1D61A006D938B /* facebook.png in Resources */,
				2DFDA1D91BF1F2B2006D938B /* logout.png in Resources */,
				2DFDA1C11BF1D5E7006D938B /* LoginVC.xib in Resources */,
				2D539A9E1C06AA77000F472F /* PedoHomeViewController.xib in Resources */,
				2DAEE6231C16CB9400D863F6 /* HeartCameraScreen.xib in Resources */,
				2DFDA18D1BF07438006D938B /* Assets.xcassets in Resources */,
			);
			runOnlyForDeploymentPostprocessing = 0;
		};
		2DFDA1941BF07439006D938B /* Resources */ = {
			isa = PBXResourcesBuildPhase;
			buildActionMask = 2147483647;
			files = (
			);
			runOnlyForDeploymentPostprocessing = 0;
		};
		2DFDA19F1BF07439006D938B /* Resources */ = {
			isa = PBXResourcesBuildPhase;
			buildActionMask = 2147483647;
			files = (
			);
			runOnlyForDeploymentPostprocessing = 0;
		};
/* End PBXResourcesBuildPhase section */

/* Begin PBXShellScriptBuildPhase section */
		29DC08D14BC559AB6C480CD8 /* Check Pods Manifest.lock */ = {
			isa = PBXShellScriptBuildPhase;
			buildActionMask = 2147483647;
			files = (
			);
			inputPaths = (
			);
			name = "Check Pods Manifest.lock";
			outputPaths = (
			);
			runOnlyForDeploymentPostprocessing = 0;
			shellPath = /bin/sh;
			shellScript = "diff \"${PODS_ROOT}/../Podfile.lock\" \"${PODS_ROOT}/Manifest.lock\" > /dev/null\nif [[ $? != 0 ]] ; then\n    cat << EOM\nerror: The sandbox is not in sync with the Podfile.lock. Run 'pod install' or update your CocoaPods installation.\nEOM\n    exit 1\nfi\n";
			showEnvVarsInLog = 0;
		};
		67E74C8115684D9A0770C8BE /* Embed Pods Frameworks */ = {
			isa = PBXShellScriptBuildPhase;
			buildActionMask = 2147483647;
			files = (
			);
			inputPaths = (
			);
			name = "Embed Pods Frameworks";
			outputPaths = (
			);
			runOnlyForDeploymentPostprocessing = 0;
			shellPath = /bin/sh;
			shellScript = "\"${SRCROOT}/Pods/Target Support Files/Pods/Pods-frameworks.sh\"\n";
			showEnvVarsInLog = 0;
		};
		8BF304DB2D16F62D76E9E1E1 /* Copy Pods Resources */ = {
			isa = PBXShellScriptBuildPhase;
			buildActionMask = 2147483647;
			files = (
			);
			inputPaths = (
			);
			name = "Copy Pods Resources";
			outputPaths = (
			);
			runOnlyForDeploymentPostprocessing = 0;
			shellPath = /bin/sh;
			shellScript = "\"${SRCROOT}/Pods/Target Support Files/Pods/Pods-resources.sh\"\n";
			showEnvVarsInLog = 0;
		};
/* End PBXShellScriptBuildPhase section */

/* Begin PBXSourcesBuildPhase section */
		2DFDA1791BF07438006D938B /* Sources */ = {
			isa = PBXSourcesBuildPhase;
			buildActionMask = 2147483647;
			files = (
				2D15DA7C1C22CE57009E00E8 /* HeartRate+CoreDataProperties.m in Sources */,
				2DFDA1851BF07438006D938B /* AppDelegate.m in Sources */,
				2DFDA1C01BF1D5E7006D938B /* LoginVC.m in Sources */,
				2D539AAF1C06AD81000F472F /* Locations.m in Sources */,
				2D539AB01C06AD81000F472F /* Run+CoreDataProperties.m in Sources */,
				2D539AAE1C06AD81000F472F /* Locations+CoreDataProperties.m in Sources */,
				2D539AB91C06C055000F472F /* MulticolorPolylineRoute.m in Sources */,
				2D15DA671C229EC6009E00E8 /* Filter.m in Sources */,
				2D15DA7B1C22CE57009E00E8 /* UserFB.m in Sources */,
				2D539AB61C06BA81000F472F /* MathCalculation.m in Sources */,
				2DFDA1CC1BF1E807006D938B /* MainNavC.m in Sources */,
				2D15DA7D1C22CE57009E00E8 /* HeartRate.m in Sources */,
				2D539A9D1C06AA77000F472F /* PedoHomeViewController.m in Sources */,
				2D539AB11C06AD81000F472F /* Run.m in Sources */,
				2DAEE6221C16CB9400D863F6 /* HeartCameraScreen.m in Sources */,
				2D15DA701C22BE9B009E00E8 /* TestViewController.m in Sources */,
				2D539AA51C06ACD8000F472F /* PedoAttributes.xcdatamodeld in Sources */,
				2DFDA1821BF07438006D938B /* main.m in Sources */,
				2D15DA681C229EC6009E00E8 /* PulseDetector.mm in Sources */,
				2D15DA7A1C22CE57009E00E8 /* UserFB+CoreDataProperties.m in Sources */,
				2D539ABC1C07114D000F472F /* PedometerCoreData.xcdatamodeld in Sources */,
			);
			runOnlyForDeploymentPostprocessing = 0;
		};
		2DFDA1921BF07439006D938B /* Sources */ = {
			isa = PBXSourcesBuildPhase;
			buildActionMask = 2147483647;
			files = (
				2DFDA19B1BF07439006D938B /* AbsentTests.m in Sources */,
			);
			runOnlyForDeploymentPostprocessing = 0;
		};
		2DFDA19D1BF07439006D938B /* Sources */ = {
			isa = PBXSourcesBuildPhase;
			buildActionMask = 2147483647;
			files = (
				2DFDA1A61BF07439006D938B /* AbsentUITests.m in Sources */,
			);
			runOnlyForDeploymentPostprocessing = 0;
		};
/* End PBXSourcesBuildPhase section */

/* Begin PBXTargetDependency section */
		2DFDA1981BF07439006D938B /* PBXTargetDependency */ = {
			isa = PBXTargetDependency;
			target = 2DFDA17C1BF07438006D938B /* Absent */;
			targetProxy = 2DFDA1971BF07439006D938B /* PBXContainerItemProxy */;
		};
		2DFDA1A31BF07439006D938B /* PBXTargetDependency */ = {
			isa = PBXTargetDependency;
			target = 2DFDA17C1BF07438006D938B /* Absent */;
			targetProxy = 2DFDA1A21BF07439006D938B /* PBXContainerItemProxy */;
		};
/* End PBXTargetDependency section */

/* Begin PBXVariantGroup section */
		2DFDA18E1BF07438006D938B /* LaunchScreen.storyboard */ = {
			isa = PBXVariantGroup;
			children = (
				2DFDA18F1BF07438006D938B /* Base */,
			);
			name = LaunchScreen.storyboard;
			sourceTree = "<group>";
		};
/* End PBXVariantGroup section */

/* Begin XCBuildConfiguration section */
		2DFDA1A81BF07439006D938B /* Debug */ = {
			isa = XCBuildConfiguration;
			buildSettings = {
				ALWAYS_SEARCH_USER_PATHS = NO;
				CLANG_CXX_LANGUAGE_STANDARD = "gnu++0x";
				CLANG_CXX_LIBRARY = "libc++";
				CLANG_ENABLE_MODULES = YES;
				CLANG_ENABLE_OBJC_ARC = YES;
				CLANG_WARN_BOOL_CONVERSION = YES;
				CLANG_WARN_CONSTANT_CONVERSION = YES;
				CLANG_WARN_DIRECT_OBJC_ISA_USAGE = YES_ERROR;
				CLANG_WARN_EMPTY_BODY = YES;
				CLANG_WARN_ENUM_CONVERSION = YES;
				CLANG_WARN_INT_CONVERSION = YES;
				CLANG_WARN_OBJC_ROOT_CLASS = YES_ERROR;
				CLANG_WARN_UNREACHABLE_CODE = YES;
				CLANG_WARN__DUPLICATE_METHOD_MATCH = YES;
				"CODE_SIGN_IDENTITY[sdk=iphoneos*]" = "iPhone Developer";
				COPY_PHASE_STRIP = NO;
				DEBUG_INFORMATION_FORMAT = dwarf;
				ENABLE_STRICT_OBJC_MSGSEND = YES;
				ENABLE_TESTABILITY = YES;
				GCC_C_LANGUAGE_STANDARD = gnu99;
				GCC_DYNAMIC_NO_PIC = NO;
				GCC_NO_COMMON_BLOCKS = YES;
				GCC_OPTIMIZATION_LEVEL = 0;
				GCC_PREPROCESSOR_DEFINITIONS = (
					"DEBUG=1",
					"$(inherited)",
				);
				GCC_WARN_64_TO_32_BIT_CONVERSION = YES;
				GCC_WARN_ABOUT_RETURN_TYPE = YES_ERROR;
				GCC_WARN_UNDECLARED_SELECTOR = YES;
				GCC_WARN_UNINITIALIZED_AUTOS = YES_AGGRESSIVE;
				GCC_WARN_UNUSED_FUNCTION = YES;
				GCC_WARN_UNUSED_VARIABLE = YES;
				IPHONEOS_DEPLOYMENT_TARGET = 9.0;
				MTL_ENABLE_DEBUG_INFO = YES;
				ONLY_ACTIVE_ARCH = YES;
				PROVISIONING_PROFILE = "";
				SDKROOT = iphoneos;
			};
			name = Debug;
		};
		2DFDA1A91BF07439006D938B /* Release */ = {
			isa = XCBuildConfiguration;
			buildSettings = {
				ALWAYS_SEARCH_USER_PATHS = NO;
				CLANG_CXX_LANGUAGE_STANDARD = "gnu++0x";
				CLANG_CXX_LIBRARY = "libc++";
				CLANG_ENABLE_MODULES = YES;
				CLANG_ENABLE_OBJC_ARC = YES;
				CLANG_WARN_BOOL_CONVERSION = YES;
				CLANG_WARN_CONSTANT_CONVERSION = YES;
				CLANG_WARN_DIRECT_OBJC_ISA_USAGE = YES_ERROR;
				CLANG_WARN_EMPTY_BODY = YES;
				CLANG_WARN_ENUM_CONVERSION = YES;
				CLANG_WARN_INT_CONVERSION = YES;
				CLANG_WARN_OBJC_ROOT_CLASS = YES_ERROR;
				CLANG_WARN_UNREACHABLE_CODE = YES;
				CLANG_WARN__DUPLICATE_METHOD_MATCH = YES;
				"CODE_SIGN_IDENTITY[sdk=iphoneos*]" = "iPhone Developer";
				COPY_PHASE_STRIP = NO;
				DEBUG_INFORMATION_FORMAT = "dwarf-with-dsym";
				ENABLE_NS_ASSERTIONS = NO;
				ENABLE_STRICT_OBJC_MSGSEND = YES;
				GCC_C_LANGUAGE_STANDARD = gnu99;
				GCC_NO_COMMON_BLOCKS = YES;
				GCC_WARN_64_TO_32_BIT_CONVERSION = YES;
				GCC_WARN_ABOUT_RETURN_TYPE = YES_ERROR;
				GCC_WARN_UNDECLARED_SELECTOR = YES;
				GCC_WARN_UNINITIALIZED_AUTOS = YES_AGGRESSIVE;
				GCC_WARN_UNUSED_FUNCTION = YES;
				GCC_WARN_UNUSED_VARIABLE = YES;
				IPHONEOS_DEPLOYMENT_TARGET = 9.0;
				MTL_ENABLE_DEBUG_INFO = NO;
				PROVISIONING_PROFILE = "";
				SDKROOT = iphoneos;
				VALIDATE_PRODUCT = YES;
			};
			name = Release;
		};
		2DFDA1AB1BF07439006D938B /* Debug */ = {
			isa = XCBuildConfiguration;
			baseConfigurationReference = A08490970DB1E42314833BF3 /* Pods.debug.xcconfig */;
			buildSettings = {
				ASSETCATALOG_COMPILER_APPICON_NAME = AppIcon;
				FRAMEWORK_SEARCH_PATHS = (
					"$(inherited)",
					"$(PROJECT_DIR)/Absent",
				);
				INFOPLIST_FILE = Absent/Info.plist;
				IPHONEOS_DEPLOYMENT_TARGET = 8.4;
				LD_RUNPATH_SEARCH_PATHS = "$(inherited) @executable_path/Frameworks";
				PRODUCT_BUNDLE_IDENTIFIER = com.skripsi.absent;
				PRODUCT_NAME = "$(TARGET_NAME)";
			};
			name = Debug;
		};
		2DFDA1AC1BF07439006D938B /* Release */ = {
			isa = XCBuildConfiguration;
			baseConfigurationReference = D9E9A0A623A02B6171CBB70F /* Pods.release.xcconfig */;
			buildSettings = {
				ASSETCATALOG_COMPILER_APPICON_NAME = AppIcon;
				FRAMEWORK_SEARCH_PATHS = (
					"$(inherited)",
					"$(PROJECT_DIR)/Absent",
				);
				INFOPLIST_FILE = Absent/Info.plist;
				IPHONEOS_DEPLOYMENT_TARGET = 8.4;
				LD_RUNPATH_SEARCH_PATHS = "$(inherited) @executable_path/Frameworks";
				PRODUCT_BUNDLE_IDENTIFIER = com.skripsi.absent;
				PRODUCT_NAME = "$(TARGET_NAME)";
			};
			name = Release;
		};
		2DFDA1AE1BF07439006D938B /* Debug */ = {
			isa = XCBuildConfiguration;
			buildSettings = {
				BUNDLE_LOADER = "$(TEST_HOST)";
				INFOPLIST_FILE = AbsentTests/Info.plist;
				LD_RUNPATH_SEARCH_PATHS = "$(inherited) @executable_path/Frameworks @loader_path/Frameworks";
				PRODUCT_BUNDLE_IDENTIFIER = com.skripsi.AbsentTests;
				PRODUCT_NAME = "$(TARGET_NAME)";
				TEST_HOST = "$(BUILT_PRODUCTS_DIR)/Absent.app/Absent";
			};
			name = Debug;
		};
		2DFDA1AF1BF07439006D938B /* Release */ = {
			isa = XCBuildConfiguration;
			buildSettings = {
				BUNDLE_LOADER = "$(TEST_HOST)";
				INFOPLIST_FILE = AbsentTests/Info.plist;
				LD_RUNPATH_SEARCH_PATHS = "$(inherited) @executable_path/Frameworks @loader_path/Frameworks";
				PRODUCT_BUNDLE_IDENTIFIER = com.skripsi.AbsentTests;
				PRODUCT_NAME = "$(TARGET_NAME)";
				TEST_HOST = "$(BUILT_PRODUCTS_DIR)/Absent.app/Absent";
			};
			name = Release;
		};
		2DFDA1B11BF07439006D938B /* Debug */ = {
			isa = XCBuildConfiguration;
			buildSettings = {
				INFOPLIST_FILE = AbsentUITests/Info.plist;
				LD_RUNPATH_SEARCH_PATHS = "$(inherited) @executable_path/Frameworks @loader_path/Frameworks";
				PRODUCT_BUNDLE_IDENTIFIER = com.skripsi.AbsentUITests;
				PRODUCT_NAME = "$(TARGET_NAME)";
				TEST_TARGET_NAME = Absent;
				USES_XCTRUNNER = YES;
			};
			name = Debug;
		};
		2DFDA1B21BF07439006D938B /* Release */ = {
			isa = XCBuildConfiguration;
			buildSettings = {
				INFOPLIST_FILE = AbsentUITests/Info.plist;
				LD_RUNPATH_SEARCH_PATHS = "$(inherited) @executable_path/Frameworks @loader_path/Frameworks";
				PRODUCT_BUNDLE_IDENTIFIER = com.skripsi.AbsentUITests;
				PRODUCT_NAME = "$(TARGET_NAME)";
				TEST_TARGET_NAME = Absent;
				USES_XCTRUNNER = YES;
			};
			name = Release;
		};
/* End XCBuildConfiguration section */

/* Begin XCConfigurationList section */
		2DFDA1781BF07438006D938B /* Build configuration list for PBXProject "Absent" */ = {
			isa = XCConfigurationList;
			buildConfigurations = (
				2DFDA1A81BF07439006D938B /* Debug */,
				2DFDA1A91BF07439006D938B /* Release */,
			);
			defaultConfigurationIsVisible = 0;
			defaultConfigurationName = Release;
		};
		2DFDA1AA1BF07439006D938B /* Build configuration list for PBXNativeTarget "Absent" */ = {
			isa = XCConfigurationList;
			buildConfigurations = (
				2DFDA1AB1BF07439006D938B /* Debug */,
				2DFDA1AC1BF07439006D938B /* Release */,
			);
			defaultConfigurationIsVisible = 0;
			defaultConfigurationName = Release;
		};
		2DFDA1AD1BF07439006D938B /* Build configuration list for PBXNativeTarget "AbsentTests" */ = {
			isa = XCConfigurationList;
			buildConfigurations = (
				2DFDA1AE1BF07439006D938B /* Debug */,
				2DFDA1AF1BF07439006D938B /* Release */,
			);
			defaultConfigurationIsVisible = 0;
			defaultConfigurationName = Release;
		};
		2DFDA1B01BF07439006D938B /* Build configuration list for PBXNativeTarget "AbsentUITests" */ = {
			isa = XCConfigurationList;
			buildConfigurations = (
				2DFDA1B11BF07439006D938B /* Debug */,
				2DFDA1B21BF07439006D938B /* Release */,
			);
			defaultConfigurationIsVisible = 0;
			defaultConfigurationName = Release;
		};
/* End XCConfigurationList section */

/* Begin XCVersionGroup section */
		2D539AA31C06ACD8000F472F /* PedoAttributes.xcdatamodeld */ = {
			isa = XCVersionGroup;
			children = (
				2D539AA41C06ACD8000F472F /* PedoAttributes.xcdatamodel */,
			);
			currentVersion = 2D539AA41C06ACD8000F472F /* PedoAttributes.xcdatamodel */;
			path = PedoAttributes.xcdatamodeld;
			sourceTree = "<group>";
			versionGroupType = wrapper.xcdatamodel;
		};
		2D539ABA1C07114D000F472F /* PedometerCoreData.xcdatamodeld */ = {
			isa = XCVersionGroup;
			children = (
				2D539ABB1C07114D000F472F /* PedometerCoreData.xcdatamodel */,
			);
			currentVersion = 2D539ABB1C07114D000F472F /* PedometerCoreData.xcdatamodel */;
			path = PedometerCoreData.xcdatamodeld;
			sourceTree = "<group>";
			versionGroupType = wrapper.xcdatamodel;
		};
/* End XCVersionGroup section */
	};
	rootObject = 2DFDA1751BF07438006D938B /* Project object */;
}
